
Microsoft Visual Studio Solution File, Format Version 12.00
# Visual Studio Version 17
VisualStudioVersion = 17.2.32630.192
MinimumVisualStudioVersion = 10.0.40219.1
Project("{9A19103F-16F7-4668-BE54-9A1E7A4F7556}") = "R5T.Z0068", "R5T.Z0068\R5T.Z0068.csproj", "{B97DA1F6-4F03-4BAD-9819-FC4BB7F6A91F}"
EndProject
Global
	GlobalSection(SolutionConfigurationPlatforms) = preSolution
		Debug|Any CPU = Debug|Any CPU
		Release|Any CPU = Release|Any CPU
	EndGlobalSection
	GlobalSection(ProjectConfigurationPlatforms) = postSolution
		{B97DA1F6-4F03-4BAD-9819-FC4BB7F6A91F}.Debug|Any CPU.ActiveCfg = Debug|Any CPU
		{B97DA1F6-4F03-4BAD-9819-FC4BB7F6A91F}.Debug|Any CPU.Build.0 = Debug|Any CPU
		{B97DA1F6-4F03-4BAD-9819-FC4BB7F6A91F}.Release|Any CPU.ActiveCfg = Release|Any CPU
		{B97DA1F6-4F03-4BAD-9819-FC4BB7F6A91F}.Release|Any CPU.Build.0 = Release|Any CPU
	EndGlobalSection
	GlobalSection(SolutionProperties) = preSolution
		HideSolutionNode = FALSE
	EndGlobalSection
	GlobalSection(ExtensibilityGlobals) = postSolution
		SolutionGuid = {E38E1D75-AA32-406D-A1BC-3D35FDBCE477}
	EndGlobalSection
EndGlobal
